
Microsoft Visual Studio Solution File, Format Version 12.00
# Visual Studio Version 17
VisualStudioVersion = 17.9.34701.34
MinimumVisualStudioVersion = 10.0.40219.1
Project("{FAE04EC0-301F-11D3-BF4B-00C04F79EFBC}") = "IocMessageBoard", "IocMessageBoard.csproj", "{65738294-53FF-43D6-86FA-E3B342E0E777}"
EndProject
Project("{FAE04EC0-301F-11D3-BF4B-00C04F79EFBC}") = "IocMessageBoard.Tests", "..\IocMessageBoard.Tests\IocMessageBoard.Tests.csproj", "{84C78886-8111-48FF-80F6-21C295282A67}"
EndProject
Global
	GlobalSection(SolutionConfigurationPlatforms) = preSolution
		Debug|Any CPU = Debug|Any CPU
		Release|Any CPU = Release|Any CPU
	EndGlobalSection
	GlobalSection(ProjectConfigurationPlatforms) = postSolution
		{65738294-53FF-43D6-86FA-E3B342E0E777}.Debug|Any CPU.ActiveCfg = Debug|Any CPU
		{65738294-53FF-43D6-86FA-E3B342E0E777}.Debug|Any CPU.Build.0 = Debug|Any CPU
		{65738294-53FF-43D6-86FA-E3B342E0E777}.Release|Any CPU.ActiveCfg = Release|Any CPU
		{65738294-53FF-43D6-86FA-E3B342E0E777}.Release|Any CPU.Build.0 = Release|Any CPU
		{84C78886-8111-48FF-80F6-21C295282A67}.Debug|Any CPU.ActiveCfg = Debug|Any CPU
		{84C78886-8111-48FF-80F6-21C295282A67}.Debug|Any CPU.Build.0 = Debug|Any CPU
		{84C78886-8111-48FF-80F6-21C295282A67}.Release|Any CPU.ActiveCfg = Release|Any CPU
		{84C78886-8111-48FF-80F6-21C295282A67}.Release|Any CPU.Build.0 = Release|Any CPU
	EndGlobalSection
	GlobalSection(SolutionProperties) = preSolution
		HideSolutionNode = FALSE
	EndGlobalSection
	GlobalSection(ExtensibilityGlobals) = postSolution
		SolutionGuid = {CAE4FADF-2E7A-4DEB-8826-C581CD88C080}
	EndGlobalSection
EndGlobal
